
Microsoft Visual Studio Solution File, Format Version 12.00
# Visual Studio Version 17
VisualStudioVersion = 17.10.35004.147
MinimumVisualStudioVersion = 10.0.40219.1
Project("{FAE04EC0-301F-11D3-BF4B-00C04F79EFBC}") = "VSystems", "VSystems.csproj", "{716E7C9C-DAC6-45DB-80D2-982181766C29}"
EndProject
Global
	GlobalSection(SolutionConfigurationPlatforms) = preSolution
		Debug|Any CPU = Debug|Any CPU
		Release|Any CPU = Release|Any CPU
	EndGlobalSection
	GlobalSection(ProjectConfigurationPlatforms) = postSolution
		{716E7C9C-DAC6-45DB-80D2-982181766C29}.Debug|Any CPU.ActiveCfg = Debug|Any CPU
		{716E7C9C-DAC6-45DB-80D2-982181766C29}.Debug|Any CPU.Build.0 = Debug|Any CPU
		{716E7C9C-DAC6-45DB-80D2-982181766C29}.Release|Any CPU.ActiveCfg = Release|Any CPU
		{716E7C9C-DAC6-45DB-80D2-982181766C29}.Release|Any CPU.Build.0 = Release|Any CPU
	EndGlobalSection
	GlobalSection(SolutionProperties) = preSolution
		HideSolutionNode = FALSE
	EndGlobalSection
	GlobalSection(ExtensibilityGlobals) = postSolution
		SolutionGuid = {87BCBDD0-E04E-49BD-B2D4-0C621EA5BEBB}
	EndGlobalSection
EndGlobal
